PODS:
  - Alamofire (5.4.3)
  - KeychainSwift (19.0.0)
  - R.swift (5.4.0):
    - R.swift.Library (~> 5.3.0)
  - R.swift.Library (5.3.0)

DEPENDENCIES:
  - Alamofire
  - KeychainSwift
  - R.swift

SPEC REPOS:
  https://github.com/CocoaPods/Specs.git:
    - Alamofire
    - KeychainSwift
    - R.swift
    - R.swift.Library

SPEC CHECKSUMS:
  Alamofire: e447a2774a40c996748296fa2c55112fdbbc42f9
  KeychainSwift: a06190cf933ad46b1e0abc3d77d29c06331715c7
  R.swift: c533450b0f7dc494e0993f5f1a1db925d84c3006
  R.swift.Library: 0fc583cb55a99e28901299cc451614cad1161962

PODFILE CHECKSUM: 08977fbaad772b153c2fc246a8396a266afe5370

COCOAPODS: 1.10.1
